
Microsoft Visual Studio Solution File, Format Version 12.00
# Visual Studio Version 17
VisualStudioVersion = 17.3.32721.290
MinimumVisualStudioVersion = 10.0.40219.1
Project("{2150E333-8FDC-42A3-9474-1A3956D46DE8}") = "src", "src", "{7B4AD35B-EA00-497A-828B-064FA0B1DDC6}"
EndProject
Project("{FAE04EC0-301F-11D3-BF4B-00C04F79EFBC}") = "FitnessTracker.Maui", "src\FitnessTracker.Maui\FitnessTracker.Maui.csproj", "{C551FA54-2D91-4261-9AF6-5CC3400FC04A}"
EndProject
Global
	GlobalSection(SolutionConfigurationPlatforms) = preSolution
		Debug|Any CPU = Debug|Any CPU
		Release|Any CPU = Release|Any CPU
	EndGlobalSection
	GlobalSection(ProjectConfigurationPlatforms) = postSolution
		{C551FA54-2D91-4261-9AF6-5CC3400FC04A}.Debug|Any CPU.ActiveCfg = Debug|Any CPU
		{C551FA54-2D91-4261-9AF6-5CC3400FC04A}.Debug|Any CPU.Build.0 = Debug|Any CPU
		{C551FA54-2D91-4261-9AF6-5CC3400FC04A}.Debug|Any CPU.Deploy.0 = Debug|Any CPU
		{C551FA54-2D91-4261-9AF6-5CC3400FC04A}.Release|Any CPU.ActiveCfg = Release|Any CPU
		{C551FA54-2D91-4261-9AF6-5CC3400FC04A}.Release|Any CPU.Build.0 = Release|Any CPU
		{C551FA54-2D91-4261-9AF6-5CC3400FC04A}.Release|Any CPU.Deploy.0 = Release|Any CPU
	EndGlobalSection
	GlobalSection(SolutionProperties) = preSolution
		HideSolutionNode = FALSE
	EndGlobalSection
	GlobalSection(NestedProjects) = preSolution
		{C551FA54-2D91-4261-9AF6-5CC3400FC04A} = {7B4AD35B-EA00-497A-828B-064FA0B1DDC6}
	EndGlobalSection
	GlobalSection(ExtensibilityGlobals) = postSolution
		SolutionGuid = {19DA5C12-E48A-4D79-8706-734424AE15F4}
	EndGlobalSection
EndGlobal
